// !$*UTF8*$!
{
	archiveVersion = 1;
	classes = {
	};
	objectVersion = 55;
	objects = {

/* Begin PBXBuildFile section */
		290085FE271CC469005F34C0 /* SessionUserDetails.swift in Sources */ = {isa = PBXBuildFile; fileRef = 290085FD271CC469005F34C0 /* SessionUserDetails.swift */; };
		29008601271CC4D2005F34C0 /* SessionService.swift in Sources */ = {isa = PBXBuildFile; fileRef = 29008600271CC4D2005F34C0 /* SessionService.swift */; };
		29008604271CD322005F34C0 /* LoginCredentials.swift in Sources */ = {isa = PBXBuildFile; fileRef = 29008603271CD322005F34C0 /* LoginCredentials.swift */; };
		29008607271CD369005F34C0 /* LoginService.swift in Sources */ = {isa = PBXBuildFile; fileRef = 29008606271CD369005F34C0 /* LoginService.swift */; };
		2900860A271CD4AD005F34C0 /* LoginViewModel.swift in Sources */ = {isa = PBXBuildFile; fileRef = 29008609271CD4AD005F34C0 /* LoginViewModel.swift */; };
		298ACDB6271CB6B40003F76B /* RegistrationDetails.swift in Sources */ = {isa = PBXBuildFile; fileRef = 298ACDB5271CB6B40003F76B /* RegistrationDetails.swift */; };
		298ACDB9271CB7130003F76B /* RegistrationService.swift in Sources */ = {isa = PBXBuildFile; fileRef = 298ACDB8271CB7130003F76B /* RegistrationService.swift */; };
		298ACDBC271CBB140003F76B /* RegistrationViewModel.swift in Sources */ = {isa = PBXBuildFile; fileRef = 298ACDBB271CBB140003F76B /* RegistrationViewModel.swift */; };
		29B4D726271B938A00592B61 /* FirebaseAnalytics in Frameworks */ = {isa = PBXBuildFile; productRef = 29B4D725271B938A00592B61 /* FirebaseAnalytics */; };
		29B4D728271B938A00592B61 /* FirebaseAuth in Frameworks */ = {isa = PBXBuildFile; productRef = 29B4D727271B938A00592B61 /* FirebaseAuth */; };
		29B4D72A271B938A00592B61 /* FirebaseCrashlytics in Frameworks */ = {isa = PBXBuildFile; productRef = 29B4D729271B938A00592B61 /* FirebaseCrashlytics */; };
		29B4D72C271B938A00592B61 /* FirebaseDatabase in Frameworks */ = {isa = PBXBuildFile; productRef = 29B4D72B271B938A00592B61 /* FirebaseDatabase */; };
		29B4D72E271B938A00592B61 /* FirebaseFirestore in Frameworks */ = {isa = PBXBuildFile; productRef = 29B4D72D271B938A00592B61 /* FirebaseFirestore */; };
		29B4D730271B938A00592B61 /* FirebaseMessaging in Frameworks */ = {isa = PBXBuildFile; productRef = 29B4D72F271B938A00592B61 /* FirebaseMessaging */; };
		29B4D732271B93CB00592B61 /* GoogleService-Info.plist in Resources */ = {isa = PBXBuildFile; fileRef = 29B4D731271B93CB00592B61 /* GoogleService-Info.plist */; };
		29B4D737271B996000592B61 /* LoginVIew.swift in Sources */ = {isa = PBXBuildFile; fileRef = 29B4D736271B996000592B61 /* LoginVIew.swift */; };
		29B4D73B271B9B3F00592B61 /* InputView.swift in Sources */ = {isa = PBXBuildFile; fileRef = 29B4D73A271B9B3F00592B61 /* InputView.swift */; };
		29B4D73E271BA4AF00592B61 /* PreviewLayoutComponentModifier.swift in Sources */ = {isa = PBXBuildFile; fileRef = 29B4D73D271BA4AF00592B61 /* PreviewLayoutComponentModifier.swift */; };
		29B4D740271BA6B100592B61 /* PasswordView.swift in Sources */ = {isa = PBXBuildFile; fileRef = 29B4D73F271BA6B100592B61 /* PasswordView.swift */; };
		29B4D742271BA9C200592B61 /* ButtonView.swift in Sources */ = {isa = PBXBuildFile; fileRef = 29B4D741271BA9C200592B61 /* ButtonView.swift */; };
		29B4D748271C961F00592B61 /* RegisterView.swift in Sources */ = {isa = PBXBuildFile; fileRef = 29B4D747271C961F00592B61 /* RegisterView.swift */; };
		29B4D74A271C979400592B61 /* CloseModifier.swift in Sources */ = {isa = PBXBuildFile; fileRef = 29B4D749271C979400592B61 /* CloseModifier.swift */; };
		29B4D74E271C9C9600592B61 /* SuccessView.swift in Sources */ = {isa = PBXBuildFile; fileRef = 29B4D74D271C9C9600592B61 /* SuccessView.swift */; };
		29B4D752271C9EC600592B61 /* ForgotPasswordView.swift in Sources */ = {isa = PBXBuildFile; fileRef = 29B4D751271C9EC600592B61 /* ForgotPasswordView.swift */; };
		73569BDD275B103100F4D190 /* Algorithms in Frameworks */ = {isa = PBXBuildFile; productRef = 73569BDC275B103100F4D190 /* Algorithms */; };
		73569BE0275B10AA00F4D190 /* ComplexModule in Frameworks */ = {isa = PBXBuildFile; productRef = 73569BDF275B10AA00F4D190 /* ComplexModule */; };
		73569BE2275B10AA00F4D190 /* Numerics in Frameworks */ = {isa = PBXBuildFile; productRef = 73569BE1275B10AA00F4D190 /* Numerics */; };
		73569BE4275B10AA00F4D190 /* RealModule in Frameworks */ = {isa = PBXBuildFile; productRef = 73569BE3275B10AA00F4D190 /* RealModule */; };
		73569BEE275B1B2B00F4D190 /* AnalyticsView.swift in Sources */ = {isa = PBXBuildFile; fileRef = 73569BED275B1B2B00F4D190 /* AnalyticsView.swift */; };
		834A757B27172ECF00778910 /* WAVE_BusinessApp.swift in Sources */ = {isa = PBXBuildFile; fileRef = 834A757A27172ECF00778910 /* WAVE_BusinessApp.swift */; };
		834A757D27172ECF00778910 /* ContentView.swift in Sources */ = {isa = PBXBuildFile; fileRef = 834A757C27172ECF00778910 /* ContentView.swift */; };
		834A757F27172ED000778910 /* Assets.xcassets in Resources */ = {isa = PBXBuildFile; fileRef = 834A757E27172ED000778910 /* Assets.xcassets */; };
		834A758227172ED000778910 /* Preview Assets.xcassets in Resources */ = {isa = PBXBuildFile; fileRef = 834A758127172ED000778910 /* Preview Assets.xcassets */; };
		834A758C27172ED100778910 /* WAVE_BusinessTests.swift in Sources */ = {isa = PBXBuildFile; fileRef = 834A758B27172ED100778910 /* WAVE_BusinessTests.swift */; };
		834A759627172ED100778910 /* WAVE_BusinessUITests.swift in Sources */ = {isa = PBXBuildFile; fileRef = 834A759527172ED100778910 /* WAVE_BusinessUITests.swift */; };
		834A759827172ED100778910 /* WAVE_BusinessUITestsLaunchTests.swift in Sources */ = {isa = PBXBuildFile; fileRef = 834A759727172ED100778910 /* WAVE_BusinessUITestsLaunchTests.swift */; };
/* End PBXBuildFile section */

/* Begin PBXContainerItemProxy section */
		834A758827172ED100778910 /* PBXContainerItemProxy */ = {
			isa = PBXContainerItemProxy;
			containerPortal = 834A756F27172ECF00778910 /* Project object */;
			proxyType = 1;
			remoteGlobalIDString = 834A757627172ECF00778910;
			remoteInfo = "WAVE Business";
		};
		834A759227172ED100778910 /* PBXContainerItemProxy */ = {
			isa = PBXContainerItemProxy;
			containerPortal = 834A756F27172ECF00778910 /* Project object */;
			proxyType = 1;
			remoteGlobalIDString = 834A757627172ECF00778910;
			remoteInfo = "WAVE Business";
		};
/* End PBXContainerItemProxy section */

/* Begin PBXFileReference section */
		290085FD271CC469005F34C0 /* SessionUserDetails.swift */ = {isa = PBXFileReference; lastKnownFileType = sourcecode.swift; path = SessionUserDetails.swift; sourceTree = "<group>"; };
		29008600271CC4D2005F34C0 /* SessionService.swift */ = {isa = PBXFileReference; lastKnownFileType = sourcecode.swift; path = SessionService.swift; sourceTree = "<group>"; };
		29008603271CD322005F34C0 /* LoginCredentials.swift */ = {isa = PBXFileReference; lastKnownFileType = sourcecode.swift; path = LoginCredentials.swift; sourceTree = "<group>"; };
		29008606271CD369005F34C0 /* LoginService.swift */ = {isa = PBXFileReference; lastKnownFileType = sourcecode.swift; path = LoginService.swift; sourceTree = "<group>"; };
		29008609271CD4AD005F34C0 /* LoginViewModel.swift */ = {isa = PBXFileReference; lastKnownFileType = sourcecode.swift; path = LoginViewModel.swift; sourceTree = "<group>"; };
		298ACDB5271CB6B40003F76B /* RegistrationDetails.swift */ = {isa = PBXFileReference; lastKnownFileType = sourcecode.swift; path = RegistrationDetails.swift; sourceTree = "<group>"; };
		298ACDB8271CB7130003F76B /* RegistrationService.swift */ = {isa = PBXFileReference; lastKnownFileType = sourcecode.swift; path = RegistrationService.swift; sourceTree = "<group>"; };
		298ACDBB271CBB140003F76B /* RegistrationViewModel.swift */ = {isa = PBXFileReference; lastKnownFileType = sourcecode.swift; path = RegistrationViewModel.swift; sourceTree = "<group>"; };
		29B4D731271B93CB00592B61 /* GoogleService-Info.plist */ = {isa = PBXFileReference; fileEncoding = 4; lastKnownFileType = text.plist.xml; path = "GoogleService-Info.plist"; sourceTree = "<group>"; };
		29B4D736271B996000592B61 /* LoginVIew.swift */ = {isa = PBXFileReference; lastKnownFileType = sourcecode.swift; path = LoginVIew.swift; sourceTree = "<group>"; };
		29B4D73A271B9B3F00592B61 /* InputView.swift */ = {isa = PBXFileReference; lastKnownFileType = sourcecode.swift; path = InputView.swift; sourceTree = "<group>"; };
		29B4D73D271BA4AF00592B61 /* PreviewLayoutComponentModifier.swift */ = {isa = PBXFileReference; lastKnownFileType = sourcecode.swift; path = PreviewLayoutComponentModifier.swift; sourceTree = "<group>"; };
		29B4D73F271BA6B100592B61 /* PasswordView.swift */ = {isa = PBXFileReference; lastKnownFileType = sourcecode.swift; path = PasswordView.swift; sourceTree = "<group>"; };
		29B4D741271BA9C200592B61 /* ButtonView.swift */ = {isa = PBXFileReference; lastKnownFileType = sourcecode.swift; path = ButtonView.swift; sourceTree = "<group>"; };
		29B4D747271C961F00592B61 /* RegisterView.swift */ = {isa = PBXFileReference; lastKnownFileType = sourcecode.swift; path = RegisterView.swift; sourceTree = "<group>"; };
		29B4D749271C979400592B61 /* CloseModifier.swift */ = {isa = PBXFileReference; lastKnownFileType = sourcecode.swift; path = CloseModifier.swift; sourceTree = "<group>"; };
		29B4D74D271C9C9600592B61 /* SuccessView.swift */ = {isa = PBXFileReference; lastKnownFileType = sourcecode.swift; path = SuccessView.swift; sourceTree = "<group>"; };
		29B4D751271C9EC600592B61 /* ForgotPasswordView.swift */ = {isa = PBXFileReference; lastKnownFileType = sourcecode.swift; path = ForgotPasswordView.swift; sourceTree = "<group>"; };
		73569BED275B1B2B00F4D190 /* AnalyticsView.swift */ = {isa = PBXFileReference; lastKnownFileType = sourcecode.swift; path = AnalyticsView.swift; sourceTree = "<group>"; };
		834A757727172ECF00778910 /* WAVE Business.app */ = {isa = PBXFileReference; explicitFileType = wrapper.application; includeInIndex = 0; path = "WAVE Business.app"; sourceTree = BUILT_PRODUCTS_DIR; };
		834A757A27172ECF00778910 /* WAVE_BusinessApp.swift */ = {isa = PBXFileReference; lastKnownFileType = sourcecode.swift; path = WAVE_BusinessApp.swift; sourceTree = "<group>"; };
		834A757C27172ECF00778910 /* ContentView.swift */ = {isa = PBXFileReference; lastKnownFileType = sourcecode.swift; path = ContentView.swift; sourceTree = "<group>"; };
		834A757E27172ED000778910 /* Assets.xcassets */ = {isa = PBXFileReference; lastKnownFileType = folder.assetcatalog; path = Assets.xcassets; sourceTree = "<group>"; };
		834A758127172ED000778910 /* Preview Assets.xcassets */ = {isa = PBXFileReference; lastKnownFileType = folder.assetcatalog; path = "Preview Assets.xcassets"; sourceTree = "<group>"; };
		834A758727172ED100778910 /* WAVE BusinessTests.xctest */ = {isa = PBXFileReference; explicitFileType = wrapper.cfbundle; includeInIndex = 0; path = "WAVE BusinessTests.xctest"; sourceTree = BUILT_PRODUCTS_DIR; };
		834A758B27172ED100778910 /* WAVE_BusinessTests.swift */ = {isa = PBXFileReference; lastKnownFileType = sourcecode.swift; path = WAVE_BusinessTests.swift; sourceTree = "<group>"; };
		834A759127172ED100778910 /* WAVE BusinessUITests.xctest */ = {isa = PBXFileReference; explicitFileType = wrapper.cfbundle; includeInIndex = 0; path = "WAVE BusinessUITests.xctest"; sourceTree = BUILT_PRODUCTS_DIR; };
		834A759527172ED100778910 /* WAVE_BusinessUITests.swift */ = {isa = PBXFileReference; lastKnownFileType = sourcecode.swift; path = WAVE_BusinessUITests.swift; sourceTree = "<group>"; };
		834A759727172ED100778910 /* WAVE_BusinessUITestsLaunchTests.swift */ = {isa = PBXFileReference; lastKnownFileType = sourcecode.swift; path = WAVE_BusinessUITestsLaunchTests.swift; sourceTree = "<group>"; };
/* End PBXFileReference section */

/* Begin PBXFrameworksBuildPhase section */
		834A757427172ECF00778910 /* Frameworks */ = {
			isa = PBXFrameworksBuildPhase;
			buildActionMask = 2147483647;
			files = (
				29B4D730271B938A00592B61 /* FirebaseMessaging in Frameworks */,
				73569BE2275B10AA00F4D190 /* Numerics in Frameworks */,
				73569BDD275B103100F4D190 /* Algorithms in Frameworks */,
				29B4D72A271B938A00592B61 /* FirebaseCrashlytics in Frameworks */,
				73569BE0275B10AA00F4D190 /* ComplexModule in Frameworks */,
				29B4D726271B938A00592B61 /* FirebaseAnalytics in Frameworks */,
				29B4D72C271B938A00592B61 /* FirebaseDatabase in Frameworks */,
				29B4D72E271B938A00592B61 /* FirebaseFirestore in Frameworks */,
				73569BE4275B10AA00F4D190 /* RealModule in Frameworks */,
				29B4D728271B938A00592B61 /* FirebaseAuth in Frameworks */,
			);
			runOnlyForDeploymentPostprocessing = 0;
		};
		834A758427172ED100778910 /* Frameworks */ = {
			isa = PBXFrameworksBuildPhase;
			buildActionMask = 2147483647;
			files = (
			);
			runOnlyForDeploymentPostprocessing = 0;
		};
		834A758E27172ED100778910 /* Frameworks */ = {
			isa = PBXFrameworksBuildPhase;
			buildActionMask = 2147483647;
			files = (
			);
			runOnlyForDeploymentPostprocessing = 0;
		};
/* End PBXFrameworksBuildPhase section */

/* Begin PBXGroup section */
		290085FB271CC41E005F34C0 /* Session */ = {
			isa = PBXGroup;
			children = (
				290085FF271CC4BF005F34C0 /* Service */,
				290085FC271CC447005F34C0 /* Model */,
			);
			path = Session;
			sourceTree = "<group>";
		};
		290085FC271CC447005F34C0 /* Model */ = {
			isa = PBXGroup;
			children = (
				290085FD271CC469005F34C0 /* SessionUserDetails.swift */,
			);
			path = Model;
			sourceTree = "<group>";
		};
		290085FF271CC4BF005F34C0 /* Service */ = {
			isa = PBXGroup;
			children = (
				29008600271CC4D2005F34C0 /* SessionService.swift */,
			);
			path = Service;
			sourceTree = "<group>";
		};
		29008602271CD30A005F34C0 /* Model */ = {
			isa = PBXGroup;
			children = (
				29008603271CD322005F34C0 /* LoginCredentials.swift */,
			);
			path = Model;
			sourceTree = "<group>";
		};
		29008605271CD354005F34C0 /* Service */ = {
			isa = PBXGroup;
			children = (
				29008606271CD369005F34C0 /* LoginService.swift */,
			);
			path = Service;
			sourceTree = "<group>";
		};
		29008608271CD499005F34C0 /* ViewModel */ = {
			isa = PBXGroup;
			children = (
				29008609271CD4AD005F34C0 /* LoginViewModel.swift */,
			);
			path = ViewModel;
			sourceTree = "<group>";
		};
		298ACDB4271CB6940003F76B /* Model */ = {
			isa = PBXGroup;
			children = (
				298ACDB5271CB6B40003F76B /* RegistrationDetails.swift */,
			);
			path = Model;
			sourceTree = "<group>";
		};
		298ACDB7271CB6FC0003F76B /* Service */ = {
			isa = PBXGroup;
			children = (
				298ACDB8271CB7130003F76B /* RegistrationService.swift */,
			);
			path = Service;
			sourceTree = "<group>";
		};
		298ACDBA271CBAFB0003F76B /* ViewModel */ = {
			isa = PBXGroup;
			children = (
				298ACDBB271CBB140003F76B /* RegistrationViewModel.swift */,
			);
			path = ViewModel;
			sourceTree = "<group>";
		};
		29B4D733271B98F900592B61 /* Feature */ = {
			isa = PBXGroup;
			children = (
				73569BEA275B18EB00F4D190 /* Analytics */,
				290085FB271CC41E005F34C0 /* Session */,
				29B4D74F271C9E9E00592B61 /* Forgot Password */,
				29B4D74B271C9C6300592B61 /* Success */,
				29B4D745271C95F300592B61 /* Register */,
				29B4D734271B991500592B61 /* Login */,
			);
			path = Feature;
			sourceTree = "<group>";
		};
		29B4D734271B991500592B61 /* Login */ = {
			isa = PBXGroup;
			children = (
				29008608271CD499005F34C0 /* ViewModel */,
				29008605271CD354005F34C0 /* Service */,
				29008602271CD30A005F34C0 /* Model */,
				29B4D735271B993400592B61 /* View */,
			);
			path = Login;
			sourceTree = "<group>";
		};
		29B4D735271B993400592B61 /* View */ = {
			isa = PBXGroup;
			children = (
				29B4D736271B996000592B61 /* LoginVIew.swift */,
			);
			path = View;
			sourceTree = "<group>";
		};
		29B4D738271B9ADE00592B61 /* Components */ = {
			isa = PBXGroup;
			children = (
				29B4D73C271BA47900592B61 /* Modifier */,
				29B4D739271B9AF200592B61 /* Views */,
			);
			path = Components;
			sourceTree = "<group>";
		};
		29B4D739271B9AF200592B61 /* Views */ = {
			isa = PBXGroup;
			children = (
				29B4D73A271B9B3F00592B61 /* InputView.swift */,
				29B4D73F271BA6B100592B61 /* PasswordView.swift */,
				29B4D741271BA9C200592B61 /* ButtonView.swift */,
			);
			path = Views;
			sourceTree = "<group>";
		};
		29B4D73C271BA47900592B61 /* Modifier */ = {
			isa = PBXGroup;
			children = (
				29B4D73D271BA4AF00592B61 /* PreviewLayoutComponentModifier.swift */,
				29B4D749271C979400592B61 /* CloseModifier.swift */,
			);
			path = Modifier;
			sourceTree = "<group>";
		};
		29B4D745271C95F300592B61 /* Register */ = {
			isa = PBXGroup;
			children = (
				298ACDBA271CBAFB0003F76B /* ViewModel */,
				298ACDB7271CB6FC0003F76B /* Service */,
				298ACDB4271CB6940003F76B /* Model */,
				29B4D746271C960600592B61 /* View */,
			);
			path = Register;
			sourceTree = "<group>";
		};
		29B4D746271C960600592B61 /* View */ = {
			isa = PBXGroup;
			children = (
				29B4D747271C961F00592B61 /* RegisterView.swift */,
			);
			path = View;
			sourceTree = "<group>";
		};
		29B4D74B271C9C6300592B61 /* Success */ = {
			isa = PBXGroup;
			children = (
				29B4D74C271C9C7D00592B61 /* VIew */,
			);
			path = Success;
			sourceTree = "<group>";
		};
		29B4D74C271C9C7D00592B61 /* VIew */ = {
			isa = PBXGroup;
			children = (
				29B4D74D271C9C9600592B61 /* SuccessView.swift */,
			);
			path = VIew;
			sourceTree = "<group>";
		};
		29B4D74F271C9E9E00592B61 /* Forgot Password */ = {
			isa = PBXGroup;
			children = (
				29B4D750271C9EAD00592B61 /* View */,
			);
			path = "Forgot Password";
			sourceTree = "<group>";
		};
		29B4D750271C9EAD00592B61 /* View */ = {
			isa = PBXGroup;
			children = (
				29B4D751271C9EC600592B61 /* ForgotPasswordView.swift */,
			);
			path = View;
			sourceTree = "<group>";
		};
		73569BEA275B18EB00F4D190 /* Analytics */ = {
			isa = PBXGroup;
			children = (
				73569BEC275B192200F4D190 /* Model */,
				73569BEB275B190E00F4D190 /* View */,
			);
			path = Analytics;
			sourceTree = "<group>";
		};
		73569BEB275B190E00F4D190 /* View */ = {
			isa = PBXGroup;
			children = (
				73569BED275B1B2B00F4D190 /* AnalyticsView.swift */,
			);
			path = View;
			sourceTree = "<group>";
		};
		73569BEC275B192200F4D190 /* Model */ = {
			isa = PBXGroup;
			children = (
			);
			path = Model;
			sourceTree = "<group>";
		};
		834A756E27172ECF00778910 = {
			isa = PBXGroup;
			children = (
				834A757927172ECF00778910 /* WAVE Business */,
				834A758A27172ED100778910 /* WAVE BusinessTests */,
				834A759427172ED100778910 /* WAVE BusinessUITests */,
				834A757827172ECF00778910 /* Products */,
			);
			sourceTree = "<group>";
		};
		834A757827172ECF00778910 /* Products */ = {
			isa = PBXGroup;
			children = (
				834A757727172ECF00778910 /* WAVE Business.app */,
				834A758727172ED100778910 /* WAVE BusinessTests.xctest */,
				834A759127172ED100778910 /* WAVE BusinessUITests.xctest */,
			);
			name = Products;
			sourceTree = "<group>";
		};
		834A757927172ECF00778910 /* WAVE Business */ = {
			isa = PBXGroup;
			children = (
				29B4D738271B9ADE00592B61 /* Components */,
				29B4D733271B98F900592B61 /* Feature */,
				29B4D731271B93CB00592B61 /* GoogleService-Info.plist */,
				834A757A27172ECF00778910 /* WAVE_BusinessApp.swift */,
				834A757C27172ECF00778910 /* ContentView.swift */,
				834A757E27172ED000778910 /* Assets.xcassets */,
				834A758027172ED000778910 /* Preview Content */,
			);
			path = "WAVE Business";
			sourceTree = "<group>";
		};
		834A758027172ED000778910 /* Preview Content */ = {
			isa = PBXGroup;
			children = (
				834A758127172ED000778910 /* Preview Assets.xcassets */,
			);
			path = "Preview Content";
			sourceTree = "<group>";
		};
		834A758A27172ED100778910 /* WAVE BusinessTests */ = {
			isa = PBXGroup;
			children = (
				834A758B27172ED100778910 /* WAVE_BusinessTests.swift */,
			);
			path = "WAVE BusinessTests";
			sourceTree = "<group>";
		};
		834A759427172ED100778910 /* WAVE BusinessUITests */ = {
			isa = PBXGroup;
			children = (
				834A759527172ED100778910 /* WAVE_BusinessUITests.swift */,
				834A759727172ED100778910 /* WAVE_BusinessUITestsLaunchTests.swift */,
			);
			path = "WAVE BusinessUITests";
			sourceTree = "<group>";
		};
/* End PBXGroup section */

/* Begin PBXNativeTarget section */
		834A757627172ECF00778910 /* WAVE Business */ = {
			isa = PBXNativeTarget;
			buildConfigurationList = 834A759B27172ED100778910 /* Build configuration list for PBXNativeTarget "WAVE Business" */;
			buildPhases = (
				834A757327172ECF00778910 /* Sources */,
				834A757427172ECF00778910 /* Frameworks */,
				834A757527172ECF00778910 /* Resources */,
			);
			buildRules = (
			);
			dependencies = (
			);
			name = "WAVE Business";
			packageProductDependencies = (
				29B4D725271B938A00592B61 /* FirebaseAnalytics */,
				29B4D727271B938A00592B61 /* FirebaseAuth */,
				29B4D729271B938A00592B61 /* FirebaseCrashlytics */,
				29B4D72B271B938A00592B61 /* FirebaseDatabase */,
				29B4D72D271B938A00592B61 /* FirebaseFirestore */,
				29B4D72F271B938A00592B61 /* FirebaseMessaging */,
				73569BDC275B103100F4D190 /* Algorithms */,
				73569BDF275B10AA00F4D190 /* ComplexModule */,
				73569BE1275B10AA00F4D190 /* Numerics */,
				73569BE3275B10AA00F4D190 /* RealModule */,
			);
			productName = "WAVE Business";
			productReference = 834A757727172ECF00778910 /* WAVE Business.app */;
			productType = "com.apple.product-type.application";
		};
		834A758627172ED100778910 /* WAVE BusinessTests */ = {
			isa = PBXNativeTarget;
			buildConfigurationList = 834A759E27172ED100778910 /* Build configuration list for PBXNativeTarget "WAVE BusinessTests" */;
			buildPhases = (
				834A758327172ED100778910 /* Sources */,
				834A758427172ED100778910 /* Frameworks */,
				834A758527172ED100778910 /* Resources */,
			);
			buildRules = (
			);
			dependencies = (
				834A758927172ED100778910 /* PBXTargetDependency */,
			);
			name = "WAVE BusinessTests";
			productName = "WAVE BusinessTests";
			productReference = 834A758727172ED100778910 /* WAVE BusinessTests.xctest */;
			productType = "com.apple.product-type.bundle.unit-test";
		};
		834A759027172ED100778910 /* WAVE BusinessUITests */ = {
			isa = PBXNativeTarget;
			buildConfigurationList = 834A75A127172ED100778910 /* Build configuration list for PBXNativeTarget "WAVE BusinessUITests" */;
			buildPhases = (
				834A758D27172ED100778910 /* Sources */,
				834A758E27172ED100778910 /* Frameworks */,
				834A758F27172ED100778910 /* Resources */,
			);
			buildRules = (
			);
			dependencies = (
				834A759327172ED100778910 /* PBXTargetDependency */,
			);
			name = "WAVE BusinessUITests";
			productName = "WAVE BusinessUITests";
			productReference = 834A759127172ED100778910 /* WAVE BusinessUITests.xctest */;
			productType = "com.apple.product-type.bundle.ui-testing";
		};
/* End PBXNativeTarget section */

/* Begin PBXProject section */
		834A756F27172ECF00778910 /* Project object */ = {
			isa = PBXProject;
			attributes = {
				BuildIndependentTargetsInParallel = 1;
				LastSwiftUpdateCheck = 1300;
				LastUpgradeCheck = 1300;
				TargetAttributes = {
					834A757627172ECF00778910 = {
						CreatedOnToolsVersion = 13.0;
					};
					834A758627172ED100778910 = {
						CreatedOnToolsVersion = 13.0;
						TestTargetID = 834A757627172ECF00778910;
					};
					834A759027172ED100778910 = {
						CreatedOnToolsVersion = 13.0;
						TestTargetID = 834A757627172ECF00778910;
					};
				};
			};
			buildConfigurationList = 834A757227172ECF00778910 /* Build configuration list for PBXProject "WAVE Business" */;
			compatibilityVersion = "Xcode 13.0";
			developmentRegion = en;
			hasScannedForEncodings = 0;
			knownRegions = (
				en,
				Base,
			);
			mainGroup = 834A756E27172ECF00778910;
			packageReferences = (
				29B4D724271B938A00592B61 /* XCRemoteSwiftPackageReference "firebase-ios-sdk" */,
				73569BDB275B103100F4D190 /* XCRemoteSwiftPackageReference "swift-algorithms" */,
				73569BDE275B10AA00F4D190 /* XCRemoteSwiftPackageReference "swift-numerics" */,
			);
			productRefGroup = 834A757827172ECF00778910 /* Products */;
			projectDirPath = "";
			projectRoot = "";
			targets = (
				834A757627172ECF00778910 /* WAVE Business */,
				834A758627172ED100778910 /* WAVE BusinessTests */,
				834A759027172ED100778910 /* WAVE BusinessUITests */,
			);
		};
/* End PBXProject section */

/* Begin PBXResourcesBuildPhase section */
		834A757527172ECF00778910 /* Resources */ = {
			isa = PBXResourcesBuildPhase;
			buildActionMask = 2147483647;
			files = (
				834A758227172ED000778910 /* Preview Assets.xcassets in Resources */,
				29B4D732271B93CB00592B61 /* GoogleService-Info.plist in Resources */,
				834A757F27172ED000778910 /* Assets.xcassets in Resources */,
			);
			runOnlyForDeploymentPostprocessing = 0;
		};
		834A758527172ED100778910 /* Resources */ = {
			isa = PBXResourcesBuildPhase;
			buildActionMask = 2147483647;
			files = (
			);
			runOnlyForDeploymentPostprocessing = 0;
		};
		834A758F27172ED100778910 /* Resources */ = {
			isa = PBXResourcesBuildPhase;
			buildActionMask = 2147483647;
			files = (
			);
			runOnlyForDeploymentPostprocessing = 0;
		};
/* End PBXResourcesBuildPhase section */

/* Begin PBXSourcesBuildPhase section */
		834A757327172ECF00778910 /* Sources */ = {
			isa = PBXSourcesBuildPhase;
			buildActionMask = 2147483647;
			files = (
				29008604271CD322005F34C0 /* LoginCredentials.swift in Sources */,
				29B4D742271BA9C200592B61 /* ButtonView.swift in Sources */,
				298ACDB9271CB7130003F76B /* RegistrationService.swift in Sources */,
				29B4D737271B996000592B61 /* LoginVIew.swift in Sources */,
				298ACDBC271CBB140003F76B /* RegistrationViewModel.swift in Sources */,
				29008601271CC4D2005F34C0 /* SessionService.swift in Sources */,
				29B4D74E271C9C9600592B61 /* SuccessView.swift in Sources */,
				290085FE271CC469005F34C0 /* SessionUserDetails.swift in Sources */,
				29B4D74A271C979400592B61 /* CloseModifier.swift in Sources */,
				29B4D740271BA6B100592B61 /* PasswordView.swift in Sources */,
				298ACDB6271CB6B40003F76B /* RegistrationDetails.swift in Sources */,
				29B4D73B271B9B3F00592B61 /* InputView.swift in Sources */,
				29B4D73E271BA4AF00592B61 /* PreviewLayoutComponentModifier.swift in Sources */,
				73569BEE275B1B2B00F4D190 /* AnalyticsView.swift in Sources */,
				29008607271CD369005F34C0 /* LoginService.swift in Sources */,
				29B4D752271C9EC600592B61 /* ForgotPasswordView.swift in Sources */,
				29B4D748271C961F00592B61 /* RegisterView.swift in Sources */,
				834A757D27172ECF00778910 /* ContentView.swift in Sources */,
				2900860A271CD4AD005F34C0 /* LoginViewModel.swift in Sources */,
				834A757B27172ECF00778910 /* WAVE_BusinessApp.swift in Sources */,
			);
			runOnlyForDeploymentPostprocessing = 0;
		};
		834A758327172ED100778910 /* Sources */ = {
			isa = PBXSourcesBuildPhase;
			buildActionMask = 2147483647;
			files = (
				834A758C27172ED100778910 /* WAVE_BusinessTests.swift in Sources */,
			);
			runOnlyForDeploymentPostprocessing = 0;
		};
		834A758D27172ED100778910 /* Sources */ = {
			isa = PBXSourcesBuildPhase;
			buildActionMask = 2147483647;
			files = (
				834A759627172ED100778910 /* WAVE_BusinessUITests.swift in Sources */,
				834A759827172ED100778910 /* WAVE_BusinessUITestsLaunchTests.swift in Sources */,
			);
			runOnlyForDeploymentPostprocessing = 0;
		};
/* End PBXSourcesBuildPhase section */

/* Begin PBXTargetDependency section */
		834A758927172ED100778910 /* PBXTargetDependency */ = {
			isa = PBXTargetDependency;
			target = 834A757627172ECF00778910 /* WAVE Business */;
			targetProxy = 834A758827172ED100778910 /* PBXContainerItemProxy */;
		};
		834A759327172ED100778910 /* PBXTargetDependency */ = {
			isa = PBXTargetDependency;
			target = 834A757627172ECF00778910 /* WAVE Business */;
			targetProxy = 834A759227172ED100778910 /* PBXContainerItemProxy */;
		};
/* End PBXTargetDependency section */

/* Begin XCBuildConfiguration section */
		834A759927172ED100778910 /* Debug */ = {
			isa = XCBuildConfiguration;
			buildSettings = {
				ALWAYS_SEARCH_USER_PATHS = NO;
				CLANG_ANALYZER_NONNULL = YES;
				CLANG_ANALYZER_NUMBER_OBJECT_CONVERSION = YES_AGGRESSIVE;
				CLANG_CXX_LANGUAGE_STANDARD = "gnu++17";
				CLANG_CXX_LIBRARY = "libc++";
				CLANG_ENABLE_MODULES = YES;
				CLANG_ENABLE_OBJC_ARC = YES;
				CLANG_ENABLE_OBJC_WEAK = YES;
				CLANG_WARN_BLOCK_CAPTURE_AUTORELEASING = YES;
				CLANG_WARN_BOOL_CONVERSION = YES;
				CLANG_WARN_COMMA = YES;
				CLANG_WARN_CONSTANT_CONVERSION = YES;
				CLANG_WARN_DEPRECATED_OBJC_IMPLEMENTATIONS = YES;
				CLANG_WARN_DIRECT_OBJC_ISA_USAGE = YES_ERROR;
				CLANG_WARN_DOCUMENTATION_COMMENTS = YES;
				CLANG_WARN_EMPTY_BODY = YES;
				CLANG_WARN_ENUM_CONVERSION = YES;
				CLANG_WARN_INFINITE_RECURSION = YES;
				CLANG_WARN_INT_CONVERSION = YES;
				CLANG_WARN_NON_LITERAL_NULL_CONVERSION = YES;
				CLANG_WARN_OBJC_IMPLICIT_RETAIN_SELF = YES;
				CLANG_WARN_OBJC_LITERAL_CONVERSION = YES;
				CLANG_WARN_OBJC_ROOT_CLASS = YES_ERROR;
				CLANG_WARN_QUOTED_INCLUDE_IN_FRAMEWORK_HEADER = YES;
				CLANG_WARN_RANGE_LOOP_ANALYSIS = YES;
				CLANG_WARN_STRICT_PROTOTYPES = YES;
				CLANG_WARN_SUSPICIOUS_MOVE = YES;
				CLANG_WARN_UNGUARDED_AVAILABILITY = YES_AGGRESSIVE;
				CLANG_WARN_UNREACHABLE_CODE = YES;
				CLANG_WARN__DUPLICATE_METHOD_MATCH = YES;
				COPY_PHASE_STRIP = NO;
				DEBUG_INFORMATION_FORMAT = dwarf;
				ENABLE_STRICT_OBJC_MSGSEND = YES;
				ENABLE_TESTABILITY = YES;
				GCC_C_LANGUAGE_STANDARD = gnu11;
				GCC_DYNAMIC_NO_PIC = NO;
				GCC_NO_COMMON_BLOCKS = YES;
				GCC_OPTIMIZATION_LEVEL = 0;
				GCC_PREPROCESSOR_DEFINITIONS = (
					"DEBUG=1",
					"$(inherited)",
				);
				GCC_WARN_64_TO_32_BIT_CONVERSION = YES;
				GCC_WARN_ABOUT_RETURN_TYPE = YES_ERROR;
				GCC_WARN_UNDECLARED_SELECTOR = YES;
				GCC_WARN_UNINITIALIZED_AUTOS = YES_AGGRESSIVE;
				GCC_WARN_UNUSED_FUNCTION = YES;
				GCC_WARN_UNUSED_VARIABLE = YES;
				IPHONEOS_DEPLOYMENT_TARGET = 15.0;
				MTL_ENABLE_DEBUG_INFO = INCLUDE_SOURCE;
				MTL_FAST_MATH = YES;
				ONLY_ACTIVE_ARCH = YES;
				SDKROOT = iphoneos;
				SWIFT_ACTIVE_COMPILATION_CONDITIONS = DEBUG;
				SWIFT_OPTIMIZATION_LEVEL = "-Onone";
			};
			name = Debug;
		};
		834A759A27172ED100778910 /* Release */ = {
			isa = XCBuildConfiguration;
			buildSettings = {
				ALWAYS_SEARCH_USER_PATHS = NO;
				CLANG_ANALYZER_NONNULL = YES;
				CLANG_ANALYZER_NUMBER_OBJECT_CONVERSION = YES_AGGRESSIVE;
				CLANG_CXX_LANGUAGE_STANDARD = "gnu++17";
				CLANG_CXX_LIBRARY = "libc++";
				CLANG_ENABLE_MODULES = YES;
				CLANG_ENABLE_OBJC_ARC = YES;
				CLANG_ENABLE_OBJC_WEAK = YES;
				CLANG_WARN_BLOCK_CAPTURE_AUTORELEASING = YES;
				CLANG_WARN_BOOL_CONVERSION = YES;
				CLANG_WARN_COMMA = YES;
				CLANG_WARN_CONSTANT_CONVERSION = YES;
				CLANG_WARN_DEPRECATED_OBJC_IMPLEMENTATIONS = YES;
				CLANG_WARN_DIRECT_OBJC_ISA_USAGE = YES_ERROR;
				CLANG_WARN_DOCUMENTATION_COMMENTS = YES;
				CLANG_WARN_EMPTY_BODY = YES;
				CLANG_WARN_ENUM_CONVERSION = YES;
				CLANG_WARN_INFINITE_RECURSION = YES;
				CLANG_WARN_INT_CONVERSION = YES;
				CLANG_WARN_NON_LITERAL_NULL_CONVERSION = YES;
				CLANG_WARN_OBJC_IMPLICIT_RETAIN_SELF = YES;
				CLANG_WARN_OBJC_LITERAL_CONVERSION = YES;
				CLANG_WARN_OBJC_ROOT_CLASS = YES_ERROR;
				CLANG_WARN_QUOTED_INCLUDE_IN_FRAMEWORK_HEADER = YES;
				CLANG_WARN_RANGE_LOOP_ANALYSIS = YES;
				CLANG_WARN_STRICT_PROTOTYPES = YES;
				CLANG_WARN_SUSPICIOUS_MOVE = YES;
				CLANG_WARN_UNGUARDED_AVAILABILITY = YES_AGGRESSIVE;
				CLANG_WARN_UNREACHABLE_CODE = YES;
				CLANG_WARN__DUPLICATE_METHOD_MATCH = YES;
				COPY_PHASE_STRIP = NO;
				DEBUG_INFORMATION_FORMAT = "dwarf-with-dsym";
				ENABLE_NS_ASSERTIONS = NO;
				ENABLE_STRICT_OBJC_MSGSEND = YES;
				GCC_C_LANGUAGE_STANDARD = gnu11;
				GCC_NO_COMMON_BLOCKS = YES;
				GCC_WARN_64_TO_32_BIT_CONVERSION = YES;
				GCC_WARN_ABOUT_RETURN_TYPE = YES_ERROR;
				GCC_WARN_UNDECLARED_SELECTOR = YES;
				GCC_WARN_UNINITIALIZED_AUTOS = YES_AGGRESSIVE;
				GCC_WARN_UNUSED_FUNCTION = YES;
				GCC_WARN_UNUSED_VARIABLE = YES;
				IPHONEOS_DEPLOYMENT_TARGET = 15.0;
				MTL_ENABLE_DEBUG_INFO = NO;
				MTL_FAST_MATH = YES;
				SDKROOT = iphoneos;
				SWIFT_COMPILATION_MODE = wholemodule;
				SWIFT_OPTIMIZATION_LEVEL = "-O";
				VALIDATE_PRODUCT = YES;
			};
			name = Release;
		};
		834A759C27172ED100778910 /* Debug */ = {
			isa = XCBuildConfiguration;
			buildSettings = {
				ASSETCATALOG_COMPILER_APPICON_NAME = AppIcon;
				ASSETCATALOG_COMPILER_GLOBAL_ACCENT_COLOR_NAME = AccentColor;
				CODE_SIGN_STYLE = Automatic;
				CURRENT_PROJECT_VERSION = 1;
				DEVELOPMENT_ASSET_PATHS = "\"WAVE Business/Preview Content\"";
				DEVELOPMENT_TEAM = 67QKP5VYVT;
				ENABLE_PREVIEWS = YES;
				GENERATE_INFOPLIST_FILE = YES;
				INFOPLIST_KEY_UIApplicationSceneManifest_Generation = YES;
				INFOPLIST_KEY_UIApplicationSupportsIndirectInputEvents = YES;
				INFOPLIST_KEY_UILaunchScreen_Generation = YES;
				INFOPLIST_KEY_UISupportedInterfaceOrientations_iPad = "UIInterfaceOrientationPortrait UIInterfaceOrientationPortraitUpsideDown UIInterfaceOrientationLandscapeLeft UIInterfaceOrientationLandscapeRight";
				INFOPLIST_KEY_UISupportedInterfaceOrientations_iPhone = "UIInterfaceOrientationPortrait UIInterfaceOrientationLandscapeLeft UIInterfaceOrientationLandscapeRight";
				IPHONEOS_DEPLOYMENT_TARGET = 14.0;
				LD_RUNPATH_SEARCH_PATHS = (
					"$(inherited)",
					"@executable_path/Frameworks",
				);
				MARKETING_VERSION = 1.0;
				PRODUCT_BUNDLE_IDENTIFIER = "WAVECOMP523.WAVE-Business";
				PRODUCT_NAME = "$(TARGET_NAME)";
				SWIFT_EMIT_LOC_STRINGS = YES;
				SWIFT_VERSION = 5.0;
				TARGETED_DEVICE_FAMILY = "1,2";
			};
			name = Debug;
		};
		834A759D27172ED100778910 /* Release */ = {
			isa = XCBuildConfiguration;
			buildSettings = {
				ASSETCATALOG_COMPILER_APPICON_NAME = AppIcon;
				ASSETCATALOG_COMPILER_GLOBAL_ACCENT_COLOR_NAME = AccentColor;
				CODE_SIGN_STYLE = Automatic;
				CURRENT_PROJECT_VERSION = 1;
				DEVELOPMENT_ASSET_PATHS = "\"WAVE Business/Preview Content\"";
				DEVELOPMENT_TEAM = 67QKP5VYVT;
				ENABLE_PREVIEWS = YES;
				GENERATE_INFOPLIST_FILE = YES;
				INFOPLIST_KEY_UIApplicationSceneManifest_Generation = YES;
				INFOPLIST_KEY_UIApplicationSupportsIndirectInputEvents = YES;
				INFOPLIST_KEY_UILaunchScreen_Generation = YES;
				INFOPLIST_KEY_UISupportedInterfaceOrientations_iPad = "UIInterfaceOrientationPortrait UIInterfaceOrientationPortraitUpsideDown UIInterfaceOrientationLandscapeLeft UIInterfaceOrientationLandscapeRight";
				INFOPLIST_KEY_UISupportedInterfaceOrientations_iPhone = "UIInterfaceOrientationPortrait UIInterfaceOrientationLandscapeLeft UIInterfaceOrientationLandscapeRight";
				IPHONEOS_DEPLOYMENT_TARGET = 14.0;
				LD_RUNPATH_SEARCH_PATHS = (
					"$(inherited)",
					"@executable_path/Frameworks",
				);
				MARKETING_VERSION = 1.0;
				PRODUCT_BUNDLE_IDENTIFIER = "WAVECOMP523.WAVE-Business";
				PRODUCT_NAME = "$(TARGET_NAME)";
				SWIFT_EMIT_LOC_STRINGS = YES;
				SWIFT_VERSION = 5.0;
				TARGETED_DEVICE_FAMILY = "1,2";
			};
			name = Release;
		};
		834A759F27172ED100778910 /* Debug */ = {
			isa = XCBuildConfiguration;
			buildSettings = {
				ALWAYS_EMBED_SWIFT_STANDARD_LIBRARIES = YES;
				BUNDLE_LOADER = "$(TEST_HOST)";
				CODE_SIGN_STYLE = Automatic;
				CURRENT_PROJECT_VERSION = 1;
				DEVELOPMENT_TEAM = 67QKP5VYVT;
				GENERATE_INFOPLIST_FILE = YES;
				IPHONEOS_DEPLOYMENT_TARGET = 14.0;
				LD_RUNPATH_SEARCH_PATHS = (
					"$(inherited)",
					"@executable_path/Frameworks",
					"@loader_path/Frameworks",
				);
				MARKETING_VERSION = 1.0;
				PRODUCT_BUNDLE_IDENTIFIER = "WAVECOMP523.WAVE-BusinessTests";
				PRODUCT_NAME = "$(TARGET_NAME)";
				SWIFT_EMIT_LOC_STRINGS = NO;
				SWIFT_VERSION = 5.0;
				TARGETED_DEVICE_FAMILY = "1,2";
				TEST_HOST = "$(BUILT_PRODUCTS_DIR)/WAVE Business.app/WAVE Business";
			};
			name = Debug;
		};
		834A75A027172ED100778910 /* Release */ = {
			isa = XCBuildConfiguration;
			buildSettings = {
				ALWAYS_EMBED_SWIFT_STANDARD_LIBRARIES = YES;
				BUNDLE_LOADER = "$(TEST_HOST)";
				CODE_SIGN_STYLE = Automatic;
				CURRENT_PROJECT_VERSION = 1;
				DEVELOPMENT_TEAM = 67QKP5VYVT;
				GENERATE_INFOPLIST_FILE = YES;
				IPHONEOS_DEPLOYMENT_TARGET = 14.0;
				LD_RUNPATH_SEARCH_PATHS = (
					"$(inherited)",
					"@executable_path/Frameworks",
					"@loader_path/Frameworks",
				);
				MARKETING_VERSION = 1.0;
				PRODUCT_BUNDLE_IDENTIFIER = "WAVECOMP523.WAVE-BusinessTests";
				PRODUCT_NAME = "$(TARGET_NAME)";
				SWIFT_EMIT_LOC_STRINGS = NO;
				SWIFT_VERSION = 5.0;
				TARGETED_DEVICE_FAMILY = "1,2";
				TEST_HOST = "$(BUILT_PRODUCTS_DIR)/WAVE Business.app/WAVE Business";
			};
			name = Release;
		};
		834A75A227172ED100778910 /* Debug */ = {
			isa = XCBuildConfiguration;
			buildSettings = {
				ALWAYS_EMBED_SWIFT_STANDARD_LIBRARIES = YES;
				CODE_SIGN_STYLE = Automatic;
				CURRENT_PROJECT_VERSION = 1;
				DEVELOPMENT_TEAM = 67QKP5VYVT;
				GENERATE_INFOPLIST_FILE = YES;
				LD_RUNPATH_SEARCH_PATHS = (
					"$(inherited)",
					"@executable_path/Frameworks",
					"@loader_path/Frameworks",
				);
				MARKETING_VERSION = 1.0;
				PRODUCT_BUNDLE_IDENTIFIER = "WAVECOMP523.WAVE-BusinessUITests";
				PRODUCT_NAME = "$(TARGET_NAME)";
				SWIFT_EMIT_LOC_STRINGS = NO;
				SWIFT_VERSION = 5.0;
				TARGETED_DEVICE_FAMILY = "1,2";
				TEST_TARGET_NAME = "WAVE Business";
			};
			name = Debug;
		};
		834A75A327172ED100778910 /* Release */ = {
			isa = XCBuildConfiguration;
			buildSettings = {
				ALWAYS_EMBED_SWIFT_STANDARD_LIBRARIES = YES;
				CODE_SIGN_STYLE = Automatic;
				CURRENT_PROJECT_VERSION = 1;
				DEVELOPMENT_TEAM = 67QKP5VYVT;
				GENERATE_INFOPLIST_FILE = YES;
				LD_RUNPATH_SEARCH_PATHS = (
					"$(inherited)",
					"@executable_path/Frameworks",
					"@loader_path/Frameworks",
				);
				MARKETING_VERSION = 1.0;
				PRODUCT_BUNDLE_IDENTIFIER = "WAVECOMP523.WAVE-BusinessUITests";
				PRODUCT_NAME = "$(TARGET_NAME)";
				SWIFT_EMIT_LOC_STRINGS = NO;
				SWIFT_VERSION = 5.0;
				TARGETED_DEVICE_FAMILY = "1,2";
				TEST_TARGET_NAME = "WAVE Business";
			};
			name = Release;
		};
/* End XCBuildConfiguration section */

/* Begin XCConfigurationList section */
		834A757227172ECF00778910 /* Build configuration list for PBXProject "WAVE Business" */ = {
			isa = XCConfigurationList;
			buildConfigurations = (
				834A759927172ED100778910 /* Debug */,
				834A759A27172ED100778910 /* Release */,
			);
			defaultConfigurationIsVisible = 0;
			defaultConfigurationName = Release;
		};
		834A759B27172ED100778910 /* Build configuration list for PBXNativeTarget "WAVE Business" */ = {
			isa = XCConfigurationList;
			buildConfigurations = (
				834A759C27172ED100778910 /* Debug */,
				834A759D27172ED100778910 /* Release */,
			);
			defaultConfigurationIsVisible = 0;
			defaultConfigurationName = Release;
		};
		834A759E27172ED100778910 /* Build configuration list for PBXNativeTarget "WAVE BusinessTests" */ = {
			isa = XCConfigurationList;
			buildConfigurations = (
				834A759F27172ED100778910 /* Debug */,
				834A75A027172ED100778910 /* Release */,
			);
			defaultConfigurationIsVisible = 0;
			defaultConfigurationName = Release;
		};
		834A75A127172ED100778910 /* Build configuration list for PBXNativeTarget "WAVE BusinessUITests" */ = {
			isa = XCConfigurationList;
			buildConfigurations = (
				834A75A227172ED100778910 /* Debug */,
				834A75A327172ED100778910 /* Release */,
			);
			defaultConfigurationIsVisible = 0;
			defaultConfigurationName = Release;
		};
/* End XCConfigurationList section */

/* Begin XCRemoteSwiftPackageReference section */
		29B4D724271B938A00592B61 /* XCRemoteSwiftPackageReference "firebase-ios-sdk" */ = {
			isa = XCRemoteSwiftPackageReference;
			repositoryURL = "https://github.com/firebase/firebase-ios-sdk.git";
			requirement = {
				kind = upToNextMajorVersion;
				minimumVersion = 8.0.0;
			};
		};
		73569BDB275B103100F4D190 /* XCRemoteSwiftPackageReference "swift-algorithms" */ = {
			isa = XCRemoteSwiftPackageReference;
			repositoryURL = "https://github.com/apple/swift-algorithms.git";
			requirement = {
				kind = upToNextMajorVersion;
				minimumVersion = 1.0.0;
			};
		};
		73569BDE275B10AA00F4D190 /* XCRemoteSwiftPackageReference "swift-numerics" */ = {
			isa = XCRemoteSwiftPackageReference;
			repositoryURL = "https://github.com/apple/swift-numerics.git";
			requirement = {
				kind = upToNextMajorVersion;
				minimumVersion = 1.0.0;
			};
		};
/* End XCRemoteSwiftPackageReference section */

/* Begin XCSwiftPackageProductDependency section */
		29B4D725271B938A00592B61 /* FirebaseAnalytics */ = {
			isa = XCSwiftPackageProductDependency;
			package = 29B4D724271B938A00592B61 /* XCRemoteSwiftPackageReference "firebase-ios-sdk" */;
			productName = FirebaseAnalytics;
		};
		29B4D727271B938A00592B61 /* FirebaseAuth */ = {
			isa = XCSwiftPackageProductDependency;
			package = 29B4D724271B938A00592B61 /* XCRemoteSwiftPackageReference "firebase-ios-sdk" */;
			productName = FirebaseAuth;
		};
		29B4D729271B938A00592B61 /* FirebaseCrashlytics */ = {
			isa = XCSwiftPackageProductDependency;
			package = 29B4D724271B938A00592B61 /* XCRemoteSwiftPackageReference "firebase-ios-sdk" */;
			productName = FirebaseCrashlytics;
		};
		29B4D72B271B938A00592B61 /* FirebaseDatabase */ = {
			isa = XCSwiftPackageProductDependency;
			package = 29B4D724271B938A00592B61 /* XCRemoteSwiftPackageReference "firebase-ios-sdk" */;
			productName = FirebaseDatabase;
		};
		29B4D72D271B938A00592B61 /* FirebaseFirestore */ = {
			isa = XCSwiftPackageProductDependency;
			package = 29B4D724271B938A00592B61 /* XCRemoteSwiftPackageReference "firebase-ios-sdk" */;
			productName = FirebaseFirestore;
		};
		29B4D72F271B938A00592B61 /* FirebaseMessaging */ = {
			isa = XCSwiftPackageProductDependency;
			package = 29B4D724271B938A00592B61 /* XCRemoteSwiftPackageReference "firebase-ios-sdk" */;
			productName = FirebaseMessaging;
		};
		73569BDC275B103100F4D190 /* Algorithms */ = {
			isa = XCSwiftPackageProductDependency;
			package = 73569BDB275B103100F4D190 /* XCRemoteSwiftPackageReference "swift-algorithms" */;
			productName = Algorithms;
		};
		73569BDF275B10AA00F4D190 /* ComplexModule */ = {
			isa = XCSwiftPackageProductDependency;
			package = 73569BDE275B10AA00F4D190 /* XCRemoteSwiftPackageReference "swift-numerics" */;
			productName = ComplexModule;
		};
		73569BE1275B10AA00F4D190 /* Numerics */ = {
			isa = XCSwiftPackageProductDependency;
			package = 73569BDE275B10AA00F4D190 /* XCRemoteSwiftPackageReference "swift-numerics" */;
			productName = Numerics;
		};
		73569BE3275B10AA00F4D190 /* RealModule */ = {
			isa = XCSwiftPackageProductDependency;
			package = 73569BDE275B10AA00F4D190 /* XCRemoteSwiftPackageReference "swift-numerics" */;
			productName = RealModule;
		};
/* End XCSwiftPackageProductDependency section */
	};
	rootObject = 834A756F27172ECF00778910 /* Project object */;
}
